// !$*UTF8*$!
{
	archiveVersion = 1;
	classes = {
	};
	objectVersion = 48;
	objects = {

/* Begin PBXBuildFile section */
		AB0723BA1FB281DC001E6735 /* AppDelegate.m in Sources */ = {isa = PBXBuildFile; fileRef = AB0723B91FB281DC001E6735 /* AppDelegate.m */; };
		AB0723BD1FB281DD001E6735 /* ViewController.m in Sources */ = {isa = PBXBuildFile; fileRef = AB0723BC1FB281DD001E6735 /* ViewController.m */; };
		AB0723C01FB281DD001E6735 /* Main.storyboard in Resources */ = {isa = PBXBuildFile; fileRef = AB0723BE1FB281DD001E6735 /* Main.storyboard */; };
		AB0723C21FB281DD001E6735 /* Assets.xcassets in Resources */ = {isa = PBXBuildFile; fileRef = AB0723C11FB281DD001E6735 /* Assets.xcassets */; };
		AB0723C51FB281DE001E6735 /* LaunchScreen.storyboard in Resources */ = {isa = PBXBuildFile; fileRef = AB0723C31FB281DE001E6735 /* LaunchScreen.storyboard */; };
		AB0723C81FB281DE001E6735 /* main.m in Sources */ = {isa = PBXBuildFile; fileRef = AB0723C71FB281DE001E6735 /* main.m */; };
/* End PBXBuildFile section */

/* Begin PBXFileReference section */
		AB0723B51FB281DB001E6735 /* My Awesome Music App.app */ = {isa = PBXFileReference; explicitFileType = wrapper.application; includeInIndex = 0; path = "My Awesome Music App.app"; sourceTree = BUILT_PRODUCTS_DIR; };
		AB0723B81FB281DC001E6735 /* AppDelegate.h */ = {isa = PBXFileReference; lastKnownFileType = sourcecode.c.h; path = AppDelegate.h; sourceTree = "<group>"; };
		AB0723B91FB281DC001E6735 /* AppDelegate.m */ = {isa = PBXFileReference; lastKnownFileType = sourcecode.c.objc; path = AppDelegate.m; sourceTree = "<group>"; };
		AB0723BB1FB281DC001E6735 /* ViewController.h */ = {isa = PBXFileReference; lastKnownFileType = sourcecode.c.h; path = ViewController.h; sourceTree = "<group>"; };
		AB0723BC1FB281DD001E6735 /* ViewController.m */ = {isa = PBXFileReference; lastKnownFileType = sourcecode.c.objc; path = ViewController.m; sourceTree = "<group>"; };
		AB0723BF1FB281DD001E6735 /* Base */ = {isa = PBXFileReference; lastKnownFileType = file.storyboard; name = Base; path = Base.lproj/Main.storyboard; sourceTree = "<group>"; };
		AB0723C11FB281DD001E6735 /* Assets.xcassets */ = {isa = PBXFileReference; lastKnownFileType = folder.assetcatalog; path = Assets.xcassets; sourceTree = "<group>"; };
		AB0723C41FB281DE001E6735 /* Base */ = {isa = PBXFileReference; lastKnownFileType = file.storyboard; name = Base; path = Base.lproj/LaunchScreen.storyboard; sourceTree = "<group>"; };
		AB0723C61FB281DE001E6735 /* Info.plist */ = {isa = PBXFileReference; lastKnownFileType = text.plist.xml; path = Info.plist; sourceTree = "<group>"; };
		AB0723C71FB281DE001E6735 /* main.m */ = {isa = PBXFileReference; lastKnownFileType = sourcecode.c.objc; path = main.m; sourceTree = "<group>"; };
/* End PBXFileReference section */

/* Begin PBXFrameworksBuildPhase section */
		AB0723B21FB281DB001E6735 /* Frameworks */ = {
			isa = PBXFrameworksBuildPhase;
			buildActionMask = 2147483647;
			files = (
			);
			runOnlyForDeploymentPostprocessing = 0;
		};
/* End PBXFrameworksBuildPhase section */

/* Begin PBXGroup section */
		AB0723AC1FB281DB001E6735 = {
			isa = PBXGroup;
			children = (
				AB0723B71FB281DB001E6735 /* My Awesome Music App */,
				AB0723B61FB281DB001E6735 /* Products */,
			);
			sourceTree = "<group>";
		};
		AB0723B61FB281DB001E6735 /* Products */ = {
			isa = PBXGroup;
			children = (
				AB0723B51FB281DB001E6735 /* My Awesome Music App.app */,
			);
			name = Products;
			sourceTree = "<group>";
		};
		AB0723B71FB281DB001E6735 /* My Awesome Music App */ = {
			isa = PBXGroup;
			children = (
				AB0723B81FB281DC001E6735 /* AppDelegate.h */,
				AB0723B91FB281DC001E6735 /* AppDelegate.m */,
				AB0723BB1FB281DC001E6735 /* ViewController.h */,
				AB0723BC1FB281DD001E6735 /* ViewController.m */,
				AB0723BE1FB281DD001E6735 /* Main.storyboard */,
				AB0723C11FB281DD001E6735 /* Assets.xcassets */,
				AB0723C31FB281DE001E6735 /* LaunchScreen.storyboard */,
				AB0723C61FB281DE001E6735 /* Info.plist */,
				AB0723C71FB281DE001E6735 /* main.m */,
			);
			path = "My Awesome Music App";
			sourceTree = "<group>";
		};
/* End PBXGroup section */

/* Begin PBXNativeTarget section */
		AB0723B41FB281DB001E6735 /* My Awesome Music App */ = {
			isa = PBXNativeTarget;
			buildConfigurationList = AB0723CB1FB281DE001E6735 /* Build configuration list for PBXNativeTarget "My Awesome Music App" */;
			buildPhases = (
				AB0723B11FB281DB001E6735 /* Sources */,
				AB0723B21FB281DB001E6735 /* Frameworks */,
				AB0723B31FB281DB001E6735 /* Resources */,
			);
			buildRules = (
			);
			dependencies = (
			);
			name = "My Awesome Music App";
			productName = "My Awesome Music App";
			productReference = AB0723B51FB281DB001E6735 /* My Awesome Music App.app */;
			productType = "com.apple.product-type.application";
		};
/* End PBXNativeTarget section */

/* Begin PBXProject section */
		AB0723AD1FB281DB001E6735 /* Project object */ = {
			isa = PBXProject;
			attributes = {
				LastUpgradeCheck = 0900;
				ORGANIZATIONNAME = "Olympia Noise Co";
				TargetAttributes = {
					AB0723B41FB281DB001E6735 = {
						CreatedOnToolsVersion = 9.0.1;
						ProvisioningStyle = Automatic;
					};
				};
			};
			buildConfigurationList = AB0723B01FB281DB001E6735 /* Build configuration list for PBXProject "My Awesome Music App" */;
			compatibilityVersion = "Xcode 8.0";
			developmentRegion = en;
			hasScannedForEncodings = 0;
			knownRegions = (
				en,
				Base,
			);
			mainGroup = AB0723AC1FB281DB001E6735;
			productRefGroup = AB0723B61FB281DB001E6735 /* Products */;
			projectDirPath = "";
			projectRoot = "";
			targets = (
				AB0723B41FB281DB001E6735 /* My Awesome Music App */,
			);
		};
/* End PBXProject section */

/* Begin PBXResourcesBuildPhase section */
		AB0723B31FB281DB001E6735 /* Resources */ = {
			isa = PBXResourcesBuildPhase;
			buildActionMask = 2147483647;
			files = (
				AB0723C51FB281DE001E6735 /* LaunchScreen.storyboard in Resources */,
				AB0723C21FB281DD001E6735 /* Assets.xcassets in Resources */,
				AB0723C01FB281DD001E6735 /* Main.storyboard in Resources */,
			);
			runOnlyForDeploymentPostprocessing = 0;
		};
/* End PBXResourcesBuildPhase section */

/* Begin PBXSourcesBuildPhase section */
		AB0723B11FB281DB001E6735 /* Sources */ = {
			isa = PBXSourcesBuildPhase;
			buildActionMask = 2147483647;
			files = (
				AB0723BD1FB281DD001E6735 /* ViewController.m in Sources */,
				AB0723C81FB281DE001E6735 /* main.m in Sources */,
				AB0723BA1FB281DC001E6735 /* AppDelegate.m in Sources */,
			);
			runOnlyForDeploymentPostprocessing = 0;
		};
/* End PBXSourcesBuildPhase section */

/* Begin PBXVariantGroup section */
		AB0723BE1FB281DD001E6735 /* Main.storyboard */ = {
			isa = PBXVariantGroup;
			children = (
				AB0723BF1FB281DD001E6735 /* Base */,
			);
			name = Main.storyboard;
			sourceTree = "<group>";
		};
		AB0723C31FB281DE001E6735 /* LaunchScreen.storyboard */ = {
			isa = PBXVariantGroup;
			children = (
				AB0723C41FB281DE001E6735 /* Base */,
			);
			name = LaunchScreen.storyboard;
			sourceTree = "<group>";
		};
/* End PBXVariantGroup section */

/* Begin XCBuildConfiguration section */
		AB0723C91FB281DE001E6735 /* Debug */ = {
			isa = XCBuildConfiguration;
			buildSettings = {
				ALWAYS_SEARCH_USER_PATHS = NO;
				CLANG_ANALYZER_NONNULL = YES;
				CLANG_ANALYZER_NUMBER_OBJECT_CONVERSION = YES_AGGRESSIVE;
				CLANG_CXX_LANGUAGE_STANDARD = "gnu++14";
				CLANG_CXX_LIBRARY = "libc++";
				CLANG_ENABLE_MODULES = YES;
				CLANG_ENABLE_OBJC_ARC = YES;
				CLANG_WARN_BLOCK_CAPTURE_AUTORELEASING = YES;
				CLANG_WARN_BOOL_CONVERSION = YES;
				CLANG_WARN_COMMA = YES;
				CLANG_WARN_CONSTANT_CONVERSION = YES;
				CLANG_WARN_DIRECT_OBJC_ISA_USAGE = YES_ERROR;
				CLANG_WARN_DOCUMENTATION_COMMENTS = YES;
				CLANG_WARN_EMPTY_BODY = YES;
				CLANG_WARN_ENUM_CONVERSION = YES;
				CLANG_WARN_INFINITE_RECURSION = YES;
				CLANG_WARN_INT_CONVERSION = YES;
				CLANG_WARN_NON_LITERAL_NULL_CONVERSION = YES;
				CLANG_WARN_OBJC_LITERAL_CONVERSION = YES;
				CLANG_WARN_OBJC_ROOT_CLASS = YES_ERROR;
				CLANG_WARN_RANGE_LOOP_ANALYSIS = YES;
				CLANG_WARN_STRICT_PROTOTYPES = YES;
				CLANG_WARN_SUSPICIOUS_MOVE = YES;
				CLANG_WARN_UNGUARDED_AVAILABILITY = YES_AGGRESSIVE;
				CLANG_WARN_UNREACHABLE_CODE = YES;
				CLANG_WARN__DUPLICATE_METHOD_MATCH = YES;
				CODE_SIGN_IDENTITY = "iPhone Developer";
				COPY_PHASE_STRIP = NO;
				DEBUG_INFORMATION_FORMAT = dwarf;
				ENABLE_STRICT_OBJC_MSGSEND = YES;
				ENABLE_TESTABILITY = YES;
				GCC_C_LANGUAGE_STANDARD = gnu11;
				GCC_DYNAMIC_NO_PIC = NO;
				GCC_NO_COMMON_BLOCKS = YES;
				GCC_OPTIMIZATION_LEVEL = 0;
				GCC_PREPROCESSOR_DEFINITIONS = (
					"DEBUG=1",
					"$(inherited)",
				);
				GCC_WARN_64_TO_32_BIT_CONVERSION = YES;
				GCC_WARN_ABOUT_RETURN_TYPE = YES_ERROR;
				GCC_WARN_UNDECLARED_SELECTOR = YES;
				GCC_WARN_UNINITIALIZED_AUTOS = YES_AGGRESSIVE;
				GCC_WARN_UNUSED_FUNCTION = YES;
				GCC_WARN_UNUSED_VARIABLE = YES;
				IPHONEOS_DEPLOYMENT_TARGET = 11.0;
				MTL_ENABLE_DEBUG_INFO = YES;
				ONLY_ACTIVE_ARCH = YES;
				SDKROOT = iphoneos;
			};
			name = Debug;
		};
		AB0723CA1FB281DE001E6735 /* Release */ = {
			isa = XCBuildConfiguration;
			buildSettings = {
				ALWAYS_SEARCH_USER_PATHS = NO;
				CLANG_ANALYZER_NONNULL = YES;
				CLANG_ANALYZER_NUMBER_OBJECT_CONVERSION = YES_AGGRESSIVE;
				CLANG_CXX_LANGUAGE_STANDARD = "gnu++14";
				CLANG_CXX_LIBRARY = "libc++";
				CLANG_ENABLE_MODULES = YES;
				CLANG_ENABLE_OBJC_ARC = YES;
				CLANG_WARN_BLOCK_CAPTURE_AUTORELEASING = YES;
				CLANG_WARN_BOOL_CONVERSION = YES;
				CLANG_WARN_COMMA = YES;
				CLANG_WARN_CONSTANT_CONVERSION = YES;
				CLANG_WARN_DIRECT_OBJC_ISA_USAGE = YES_ERROR;
				CLANG_WARN_DOCUMENTATION_COMMENTS = YES;
				CLANG_WARN_EMPTY_BODY = YES;
				CLANG_WARN_ENUM_CONVERSION = YES;
				CLANG_WARN_INFINITE_RECURSION = YES;
				CLANG_WARN_INT_CONVERSION = YES;
				CLANG_WARN_NON_LITERAL_NULL_CONVERSION = YES;
				CLANG_WARN_OBJC_LITERAL_CONVERSION = YES;
				CLANG_WARN_OBJC_ROOT_CLASS = YES_ERROR;
				CLANG_WARN_RANGE_LOOP_ANALYSIS = YES;
				CLANG_WARN_STRICT_PROTOTYPES = YES;
				CLANG_WARN_SUSPICIOUS_MOVE = YES;
				CLANG_WARN_UNGUARDED_AVAILABILITY = YES_AGGRESSIVE;
				CLANG_WARN_UNREACHABLE_CODE = YES;
				CLANG_WARN__DUPLICATE_METHOD_MATCH = YES;
				CODE_SIGN_IDENTITY = "iPhone Developer";
				COPY_PHASE_STRIP = NO;
				DEBUG_INFORMATION_FORMAT = "dwarf-with-dsym";
				ENABLE_NS_ASSERTIONS = NO;
				ENABLE_STRICT_OBJC_MSGSEND = YES;
				GCC_C_LANGUAGE_STANDARD = gnu11;
				GCC_NO_COMMON_BLOCKS = YES;
				GCC_WARN_64_TO_32_BIT_CONVERSION = YES;
				GCC_WARN_ABOUT_RETURN_TYPE = YES_ERROR;
				GCC_WARN_UNDECLARED_SELECTOR = YES;
				GCC_WARN_UNINITIALIZED_AUTOS = YES_AGGRESSIVE;
				GCC_WARN_UNUSED_FUNCTION = YES;
				GCC_WARN_UNUSED_VARIABLE = YES;
				IPHONEOS_DEPLOYMENT_TARGET = 11.0;
				MTL_ENABLE_DEBUG_INFO = NO;
				SDKROOT = iphoneos;
				VALIDATE_PRODUCT = YES;
			};
			name = Release;
		};
		AB0723CC1FB281DE001E6735 /* Debug */ = {
			isa = XCBuildConfiguration;
			buildSettings = {
				ASSETCATALOG_COMPILER_APPICON_NAME = AppIcon;
				CODE_SIGN_STYLE = Automatic;
				DEVELOPMENT_TEAM = ZG8BUAB3M7;
				INFOPLIST_FILE = "My Awesome Music App/Info.plist";
				LD_RUNPATH_SEARCH_PATHS = "$(inherited) @executable_path/Frameworks";
				PRODUCT_BUNDLE_IDENTIFIER = "com.olympianoiseco.My-Awesome-Music-App";
				PRODUCT_NAME = "$(TARGET_NAME)";
				TARGETED_DEVICE_FAMILY = "1,2";
			};
			name = Debug;
		};
		AB0723CD1FB281DE001E6735 /* Release */ = {
			isa = XCBuildConfiguration;
			buildSettings = {
				ASSETCATALOG_COMPILER_APPICON_NAME = AppIcon;
				CODE_SIGN_STYLE = Automatic;
				DEVELOPMENT_TEAM = ZG8BUAB3M7;
				INFOPLIST_FILE = "My Awesome Music App/Info.plist";
				LD_RUNPATH_SEARCH_PATHS = "$(inherited) @executable_path/Frameworks";
				PRODUCT_BUNDLE_IDENTIFIER = "com.olympianoiseco.My-Awesome-Music-App";
				PRODUCT_NAME = "$(TARGET_NAME)";
				TARGETED_DEVICE_FAMILY = "1,2";
			};
			name = Release;
		};
/* End XCBuildConfiguration section */

/* Begin XCConfigurationList section */
		AB0723B01FB281DB001E6735 /* Build configuration list for PBXProject "My Awesome Music App" */ = {
			isa = XCConfigurationList;
			buildConfigurations = (
				AB0723C91FB281DE001E6735 /* Debug */,
				AB0723CA1FB281DE001E6735 /* Release */,
			);
			defaultConfigurationIsVisible = 0;
			defaultConfigurationName = Release;
		};
		AB0723CB1FB281DE001E6735 /* Build configuration list for PBXNativeTarget "My Awesome Music App" */ = {
			isa = XCConfigurationList;
			buildConfigurations = (
				AB0723CC1FB281DE001E6735 /* Debug */,
				AB0723CD1FB281DE001E6735 /* Release */,
			);
			defaultConfigurationIsVisible = 0;
			defaultConfigurationName = Release;
		};
/* End XCConfigurationList section */
	};
	rootObject = AB0723AD1FB281DB001E6735 /* Project object */;
}
